{
	"name": "pf2ools-schema",
	"version": "0.0.1",
	"lockfileVersion": 3,
	"requires": true,
	"packages": {
		"": {
			"name": "pf2ools-schema",
			"version": "0.0.1",
			"license": "MIT",
			"dependencies": {
				"chalk": "^5.4.1",
				"commander": "^13.1.0",
				"zod": "^3.24.3"
			},
			"bin": {
				"pf2ools-schema": "scripts/test-data.js"
			},
			"devDependencies": {
				"prettier": "^3.5.3",
				"typescript": "^5.8.3",
				"zod-to-json-schema": "^3.24.5"
			}
		},
		"node_modules/chalk": {
			"version": "5.4.1",
			"resolved": "https://registry.npmjs.org/chalk/-/chalk-5.4.1.tgz",
			"integrity": "sha512-zgVZuo2WcZgfUEmsn6eO3kINexW8RAE4maiQ8QNs8CtpPCSyMiYsULR3HQYkm3w8FIA3SberyMJMSldGsW+U3w==",
			"engines": {
				"node": "^12.17.0 || ^14.13 || >=16.0.0"
			},
			"funding": {
				"url": "https://github.com/chalk/chalk?sponsor=1"
			}
		},
		"node_modules/commander": {
			"version": "13.1.0",
			"resolved": "https://registry.npmjs.org/commander/-/commander-13.1.0.tgz",
			"integrity": "sha512-/rFeCpNJQbhSZjGVwO9RFV3xPqbnERS8MmIQzCtD/zl6gpJuV/bMLuN92oG3F7d8oDEHHRrujSXNUr8fpjntKw==",
			"license": "MIT",
			"engines": {
				"node": ">=18"
			}
		},
		"node_modules/prettier": {
			"version": "3.5.3",
			"resolved": "https://registry.npmjs.org/prettier/-/prettier-3.5.3.tgz",
			"integrity": "sha512-QQtaxnoDJeAkDvDKWCLiwIXkTgRhwYDEQCghU9Z6q03iyek/rxRh/2lC3HB7P8sWT2xC/y5JDctPLBIGzHKbhw==",
			"dev": true,
			"license": "MIT",
			"bin": {
				"prettier": "bin/prettier.cjs"
			},
			"engines": {
				"node": ">=14"
			},
			"funding": {
				"url": "https://github.com/prettier/prettier?sponsor=1"
			}
		},
		"node_modules/typescript": {
			"version": "5.8.3",
			"resolved": "https://registry.npmjs.org/typescript/-/typescript-5.8.3.tgz",
			"integrity": "sha512-p1diW6TqL9L07nNxvRMM7hMMw4c5XOo/1ibL4aAIGmSAt9slTE1Xgw5KWuof2uTOvCg9BY7ZRi+GaF+7sfgPeQ==",
			"dev": true,
			"license": "Apache-2.0",
			"bin": {
				"tsc": "bin/tsc",
				"tsserver": "bin/tsserver"
			},
			"engines": {
				"node": ">=14.17"
			}
		},
		"node_modules/zod": {
			"version": "3.24.3",
			"resolved": "https://registry.npmjs.org/zod/-/zod-3.24.3.tgz",
			"integrity": "sha512-HhY1oqzWCQWuUqvBFnsyrtZRhyPeR7SUGv+C4+MsisMuVfSPx8HpwWqH8tRahSlt6M3PiFAcoeFhZAqIXTxoSg==",
			"license": "MIT",
			"funding": {
				"url": "https://github.com/sponsors/colinhacks"
			}
		},
		"node_modules/zod-to-json-schema": {
			"version": "3.24.5",
			"resolved": "https://registry.npmjs.org/zod-to-json-schema/-/zod-to-json-schema-3.24.5.tgz",
			"integrity": "sha512-/AuWwMP+YqiPbsJx5D6TfgRTc4kTLjsh5SOcd4bLsfUg2RcEXrFMJl1DGgdHy2aCfsIA/cr/1JM0xcB2GZji8g==",
			"dev": true,
			"license": "ISC",
			"peerDependencies": {
				"zod": "^3.24.1"
			}
		}
	}
}
